
Microsoft Visual Studio Solution File, Format Version 12.00
# Visual Studio Version 16
VisualStudioVersion = 16.0.29009.5
MinimumVisualStudioVersion = 10.0.40219.1
Project("{8BC9CEB8-8B4A-11D0-8D11-00A0C91BC942}") = "Metrics", "Metrics\Metrics.vcxproj", "{D257859B-04C5-4871-B56D-E35EE11C0FD4}"
EndProject
Global
	GlobalSection(SolutionConfigurationPlatforms) = preSolution
		Debug|x64 = Debug|x64
		Debug|x86 = Debug|x86
		Release|x64 = Release|x64
		Release|x86 = Release|x86
	EndGlobalSection
	GlobalSection(ProjectConfigurationPlatforms) = postSolution
		{D257859B-04C5-4871-B56D-E35EE11C0FD4}.Debug|x64.ActiveCfg = Debug|x64
		{D257859B-04C5-4871-B56D-E35EE11C0FD4}.Debug|x64.Build.0 = Debug|x64
		{D257859B-04C5-4871-B56D-E35EE11C0FD4}.Debug|x86.ActiveCfg = Debug|Win32
		{D257859B-04C5-4871-B56D-E35EE11C0FD4}.Debug|x86.Build.0 = Debug|Win32
		{D257859B-04C5-4871-B56D-E35EE11C0FD4}.Release|x64.ActiveCfg = Release|x64
		{D257859B-04C5-4871-B56D-E35EE11C0FD4}.Release|x64.Build.0 = Release|x64
		{D257859B-04C5-4871-B56D-E35EE11C0FD4}.Release|x86.ActiveCfg = Release|Win32
		{D257859B-04C5-4871-B56D-E35EE11C0FD4}.Release|x86.Build.0 = Release|Win32
	EndGlobalSection
	GlobalSection(SolutionProperties) = preSolution
		HideSolutionNode = FALSE
	EndGlobalSection
	GlobalSection(ExtensibilityGlobals) = postSolution
		SolutionGuid = {D590F8FF-250F-43DD-88B1-78AFCD5A2797}
	EndGlobalSection
EndGlobal
